// !$*UTF8*$!
{
	archiveVersion = 1;
	classes = {
	};
	objectVersion = 56;
	objects = {

/* Begin PBXBuildFile section */
		3F12646028D7364E00E007A4 /* Connection.swift in Sources */ = {isa = PBXBuildFile; fileRef = 3F12645F28D7364E00E007A4 /* Connection.swift */; };
		3F12646228D736C400E007A4 /* Storage.swift in Sources */ = {isa = PBXBuildFile; fileRef = 3F12646128D736C400E007A4 /* Storage.swift */; };
		3F12646428D7375100E007A4 /* Home.swift in Sources */ = {isa = PBXBuildFile; fileRef = 3F12646328D7375100E007A4 /* Home.swift */; };
		3F12646628D7386E00E007A4 /* CreateConnection.swift in Sources */ = {isa = PBXBuildFile; fileRef = 3F12646528D7386E00E007A4 /* CreateConnection.swift */; };
		3F12646828D73C5600E007A4 /* ConnectionDetails.swift in Sources */ = {isa = PBXBuildFile; fileRef = 3F12646728D73C5600E007A4 /* ConnectionDetails.swift */; };
		3FAC744228D734A400E683BA /* Pocket_ServerApp.swift in Sources */ = {isa = PBXBuildFile; fileRef = 3FAC744128D734A400E683BA /* Pocket_ServerApp.swift */; };
		3FAC744428D734A400E683BA /* ContentView.swift in Sources */ = {isa = PBXBuildFile; fileRef = 3FAC744328D734A400E683BA /* ContentView.swift */; };
		3FAC744628D734A500E683BA /* Assets.xcassets in Resources */ = {isa = PBXBuildFile; fileRef = 3FAC744528D734A500E683BA /* Assets.xcassets */; };
		3FAC744928D734A500E683BA /* Preview Assets.xcassets in Resources */ = {isa = PBXBuildFile; fileRef = 3FAC744828D734A500E683BA /* Preview Assets.xcassets */; };
		3FAC745328D734A500E683BA /* Pocket_ServerTests.swift in Sources */ = {isa = PBXBuildFile; fileRef = 3FAC745228D734A500E683BA /* Pocket_ServerTests.swift */; };
		3FAC745D28D734A500E683BA /* Pocket_ServerUITests.swift in Sources */ = {isa = PBXBuildFile; fileRef = 3FAC745C28D734A500E683BA /* Pocket_ServerUITests.swift */; };
		3FAC745F28D734A500E683BA /* Pocket_ServerUITestsLaunchTests.swift in Sources */ = {isa = PBXBuildFile; fileRef = 3FAC745E28D734A500E683BA /* Pocket_ServerUITestsLaunchTests.swift */; };
/* End PBXBuildFile section */

/* Begin PBXContainerItemProxy section */
		3FAC744F28D734A500E683BA /* PBXContainerItemProxy */ = {
			isa = PBXContainerItemProxy;
			containerPortal = 3FAC743628D734A400E683BA /* Project object */;
			proxyType = 1;
			remoteGlobalIDString = 3FAC743D28D734A400E683BA;
			remoteInfo = "Pocket Server";
		};
		3FAC745928D734A500E683BA /* PBXContainerItemProxy */ = {
			isa = PBXContainerItemProxy;
			containerPortal = 3FAC743628D734A400E683BA /* Project object */;
			proxyType = 1;
			remoteGlobalIDString = 3FAC743D28D734A400E683BA;
			remoteInfo = "Pocket Server";
		};
/* End PBXContainerItemProxy section */

/* Begin PBXFileReference section */
		3F12645F28D7364E00E007A4 /* Connection.swift */ = {isa = PBXFileReference; lastKnownFileType = sourcecode.swift; path = Connection.swift; sourceTree = "<group>"; };
		3F12646128D736C400E007A4 /* Storage.swift */ = {isa = PBXFileReference; lastKnownFileType = sourcecode.swift; path = Storage.swift; sourceTree = "<group>"; };
		3F12646328D7375100E007A4 /* Home.swift */ = {isa = PBXFileReference; lastKnownFileType = sourcecode.swift; path = Home.swift; sourceTree = "<group>"; };
		3F12646528D7386E00E007A4 /* CreateConnection.swift */ = {isa = PBXFileReference; lastKnownFileType = sourcecode.swift; path = CreateConnection.swift; sourceTree = "<group>"; };
		3F12646728D73C5600E007A4 /* ConnectionDetails.swift */ = {isa = PBXFileReference; lastKnownFileType = sourcecode.swift; path = ConnectionDetails.swift; sourceTree = "<group>"; };
		3FAC743E28D734A400E683BA /* Pocket Server.app */ = {isa = PBXFileReference; explicitFileType = wrapper.application; includeInIndex = 0; path = "Pocket Server.app"; sourceTree = BUILT_PRODUCTS_DIR; };
		3FAC744128D734A400E683BA /* Pocket_ServerApp.swift */ = {isa = PBXFileReference; lastKnownFileType = sourcecode.swift; path = Pocket_ServerApp.swift; sourceTree = "<group>"; };
		3FAC744328D734A400E683BA /* ContentView.swift */ = {isa = PBXFileReference; lastKnownFileType = sourcecode.swift; path = ContentView.swift; sourceTree = "<group>"; };
		3FAC744528D734A500E683BA /* Assets.xcassets */ = {isa = PBXFileReference; lastKnownFileType = folder.assetcatalog; path = Assets.xcassets; sourceTree = "<group>"; };
		3FAC744828D734A500E683BA /* Preview Assets.xcassets */ = {isa = PBXFileReference; lastKnownFileType = folder.assetcatalog; path = "Preview Assets.xcassets"; sourceTree = "<group>"; };
		3FAC744E28D734A500E683BA /* Pocket ServerTests.xctest */ = {isa = PBXFileReference; explicitFileType = wrapper.cfbundle; includeInIndex = 0; path = "Pocket ServerTests.xctest"; sourceTree = BUILT_PRODUCTS_DIR; };
		3FAC745228D734A500E683BA /* Pocket_ServerTests.swift */ = {isa = PBXFileReference; lastKnownFileType = sourcecode.swift; path = Pocket_ServerTests.swift; sourceTree = "<group>"; };
		3FAC745828D734A500E683BA /* Pocket ServerUITests.xctest */ = {isa = PBXFileReference; explicitFileType = wrapper.cfbundle; includeInIndex = 0; path = "Pocket ServerUITests.xctest"; sourceTree = BUILT_PRODUCTS_DIR; };
		3FAC745C28D734A500E683BA /* Pocket_ServerUITests.swift */ = {isa = PBXFileReference; lastKnownFileType = sourcecode.swift; path = Pocket_ServerUITests.swift; sourceTree = "<group>"; };
		3FAC745E28D734A500E683BA /* Pocket_ServerUITestsLaunchTests.swift */ = {isa = PBXFileReference; lastKnownFileType = sourcecode.swift; path = Pocket_ServerUITestsLaunchTests.swift; sourceTree = "<group>"; };
/* End PBXFileReference section */

/* Begin PBXFrameworksBuildPhase section */
		3FAC743B28D734A400E683BA /* Frameworks */ = {
			isa = PBXFrameworksBuildPhase;
			buildActionMask = 2147483647;
			files = (
			);
			runOnlyForDeploymentPostprocessing = 0;
		};
		3FAC744B28D734A500E683BA /* Frameworks */ = {
			isa = PBXFrameworksBuildPhase;
			buildActionMask = 2147483647;
			files = (
			);
			runOnlyForDeploymentPostprocessing = 0;
		};
		3FAC745528D734A500E683BA /* Frameworks */ = {
			isa = PBXFrameworksBuildPhase;
			buildActionMask = 2147483647;
			files = (
			);
			runOnlyForDeploymentPostprocessing = 0;
		};
/* End PBXFrameworksBuildPhase section */

/* Begin PBXGroup section */
		3F12645C28D7363200E007A4 /* Screens */ = {
			isa = PBXGroup;
			children = (
				3FAC744328D734A400E683BA /* ContentView.swift */,
				3F12646328D7375100E007A4 /* Home.swift */,
				3F12646728D73C5600E007A4 /* ConnectionDetails.swift */,
				3F12646528D7386E00E007A4 /* CreateConnection.swift */,
			);
			path = Screens;
			sourceTree = "<group>";
		};
		3F12645D28D7363D00E007A4 /* Storage */ = {
			isa = PBXGroup;
			children = (
				3F12646128D736C400E007A4 /* Storage.swift */,
			);
			path = Storage;
			sourceTree = "<group>";
		};
		3F12645E28D7364400E007A4 /* Models */ = {
			isa = PBXGroup;
			children = (
				3F12645F28D7364E00E007A4 /* Connection.swift */,
			);
			path = Models;
			sourceTree = "<group>";
		};
		3FAC743528D734A400E683BA = {
			isa = PBXGroup;
			children = (
				3FAC744028D734A400E683BA /* Pocket Server */,
				3FAC745128D734A500E683BA /* Pocket ServerTests */,
				3FAC745B28D734A500E683BA /* Pocket ServerUITests */,
				3FAC743F28D734A400E683BA /* Products */,
			);
			sourceTree = "<group>";
		};
		3FAC743F28D734A400E683BA /* Products */ = {
			isa = PBXGroup;
			children = (
				3FAC743E28D734A400E683BA /* Pocket Server.app */,
				3FAC744E28D734A500E683BA /* Pocket ServerTests.xctest */,
				3FAC745828D734A500E683BA /* Pocket ServerUITests.xctest */,
			);
			name = Products;
			sourceTree = "<group>";
		};
		3FAC744028D734A400E683BA /* Pocket Server */ = {
			isa = PBXGroup;
			children = (
				3F12645E28D7364400E007A4 /* Models */,
				3F12645D28D7363D00E007A4 /* Storage */,
				3F12645C28D7363200E007A4 /* Screens */,
				3FAC744128D734A400E683BA /* Pocket_ServerApp.swift */,
				3FAC744528D734A500E683BA /* Assets.xcassets */,
				3FAC744728D734A500E683BA /* Preview Content */,
			);
			path = "Pocket Server";
			sourceTree = "<group>";
		};
		3FAC744728D734A500E683BA /* Preview Content */ = {
			isa = PBXGroup;
			children = (
				3FAC744828D734A500E683BA /* Preview Assets.xcassets */,
			);
			path = "Preview Content";
			sourceTree = "<group>";
		};
		3FAC745128D734A500E683BA /* Pocket ServerTests */ = {
			isa = PBXGroup;
			children = (
				3FAC745228D734A500E683BA /* Pocket_ServerTests.swift */,
			);
			path = "Pocket ServerTests";
			sourceTree = "<group>";
		};
		3FAC745B28D734A500E683BA /* Pocket ServerUITests */ = {
			isa = PBXGroup;
			children = (
				3FAC745C28D734A500E683BA /* Pocket_ServerUITests.swift */,
				3FAC745E28D734A500E683BA /* Pocket_ServerUITestsLaunchTests.swift */,
			);
			path = "Pocket ServerUITests";
			sourceTree = "<group>";
		};
/* End PBXGroup section */

/* Begin PBXNativeTarget section */
		3FAC743D28D734A400E683BA /* Pocket Server */ = {
			isa = PBXNativeTarget;
			buildConfigurationList = 3FAC746228D734A500E683BA /* Build configuration list for PBXNativeTarget "Pocket Server" */;
			buildPhases = (
				3FAC743A28D734A400E683BA /* Sources */,
				3FAC743B28D734A400E683BA /* Frameworks */,
				3FAC743C28D734A400E683BA /* Resources */,
			);
			buildRules = (
			);
			dependencies = (
			);
			name = "Pocket Server";
			productName = "Pocket Server";
			productReference = 3FAC743E28D734A400E683BA /* Pocket Server.app */;
			productType = "com.apple.product-type.application";
		};
		3FAC744D28D734A500E683BA /* Pocket ServerTests */ = {
			isa = PBXNativeTarget;
			buildConfigurationList = 3FAC746528D734A500E683BA /* Build configuration list for PBXNativeTarget "Pocket ServerTests" */;
			buildPhases = (
				3FAC744A28D734A500E683BA /* Sources */,
				3FAC744B28D734A500E683BA /* Frameworks */,
				3FAC744C28D734A500E683BA /* Resources */,
			);
			buildRules = (
			);
			dependencies = (
				3FAC745028D734A500E683BA /* PBXTargetDependency */,
			);
			name = "Pocket ServerTests";
			productName = "Pocket ServerTests";
			productReference = 3FAC744E28D734A500E683BA /* Pocket ServerTests.xctest */;
			productType = "com.apple.product-type.bundle.unit-test";
		};
		3FAC745728D734A500E683BA /* Pocket ServerUITests */ = {
			isa = PBXNativeTarget;
			buildConfigurationList = 3FAC746828D734A500E683BA /* Build configuration list for PBXNativeTarget "Pocket ServerUITests" */;
			buildPhases = (
				3FAC745428D734A500E683BA /* Sources */,
				3FAC745528D734A500E683BA /* Frameworks */,
				3FAC745628D734A500E683BA /* Resources */,
			);
			buildRules = (
			);
			dependencies = (
				3FAC745A28D734A500E683BA /* PBXTargetDependency */,
			);
			name = "Pocket ServerUITests";
			productName = "Pocket ServerUITests";
			productReference = 3FAC745828D734A500E683BA /* Pocket ServerUITests.xctest */;
			productType = "com.apple.product-type.bundle.ui-testing";
		};
/* End PBXNativeTarget section */

/* Begin PBXProject section */
		3FAC743628D734A400E683BA /* Project object */ = {
			isa = PBXProject;
			attributes = {
				BuildIndependentTargetsInParallel = 1;
				LastSwiftUpdateCheck = 1400;
				LastUpgradeCheck = 1400;
				TargetAttributes = {
					3FAC743D28D734A400E683BA = {
						CreatedOnToolsVersion = 14.0;
					};
					3FAC744D28D734A500E683BA = {
						CreatedOnToolsVersion = 14.0;
						TestTargetID = 3FAC743D28D734A400E683BA;
					};
					3FAC745728D734A500E683BA = {
						CreatedOnToolsVersion = 14.0;
						TestTargetID = 3FAC743D28D734A400E683BA;
					};
				};
			};
			buildConfigurationList = 3FAC743928D734A400E683BA /* Build configuration list for PBXProject "Pocket Server" */;
			compatibilityVersion = "Xcode 14.0";
			developmentRegion = en;
			hasScannedForEncodings = 0;
			knownRegions = (
				en,
				Base,
			);
			mainGroup = 3FAC743528D734A400E683BA;
			productRefGroup = 3FAC743F28D734A400E683BA /* Products */;
			projectDirPath = "";
			projectRoot = "";
			targets = (
				3FAC743D28D734A400E683BA /* Pocket Server */,
				3FAC744D28D734A500E683BA /* Pocket ServerTests */,
				3FAC745728D734A500E683BA /* Pocket ServerUITests */,
			);
		};
/* End PBXProject section */

/* Begin PBXResourcesBuildPhase section */
		3FAC743C28D734A400E683BA /* Resources */ = {
			isa = PBXResourcesBuildPhase;
			buildActionMask = 2147483647;
			files = (
				3FAC744928D734A500E683BA /* Preview Assets.xcassets in Resources */,
				3FAC744628D734A500E683BA /* Assets.xcassets in Resources */,
			);
			runOnlyForDeploymentPostprocessing = 0;
		};
		3FAC744C28D734A500E683BA /* Resources */ = {
			isa = PBXResourcesBuildPhase;
			buildActionMask = 2147483647;
			files = (
			);
			runOnlyForDeploymentPostprocessing = 0;
		};
		3FAC745628D734A500E683BA /* Resources */ = {
			isa = PBXResourcesBuildPhase;
			buildActionMask = 2147483647;
			files = (
			);
			runOnlyForDeploymentPostprocessing = 0;
		};
/* End PBXResourcesBuildPhase section */

/* Begin PBXSourcesBuildPhase section */
		3FAC743A28D734A400E683BA /* Sources */ = {
			isa = PBXSourcesBuildPhase;
			buildActionMask = 2147483647;
			files = (
				3F12646828D73C5600E007A4 /* ConnectionDetails.swift in Sources */,
				3FAC744428D734A400E683BA /* ContentView.swift in Sources */,
				3F12646228D736C400E007A4 /* Storage.swift in Sources */,
				3F12646428D7375100E007A4 /* Home.swift in Sources */,
				3F12646628D7386E00E007A4 /* CreateConnection.swift in Sources */,
				3F12646028D7364E00E007A4 /* Connection.swift in Sources */,
				3FAC744228D734A400E683BA /* Pocket_ServerApp.swift in Sources */,
			);
			runOnlyForDeploymentPostprocessing = 0;
		};
		3FAC744A28D734A500E683BA /* Sources */ = {
			isa = PBXSourcesBuildPhase;
			buildActionMask = 2147483647;
			files = (
				3FAC745328D734A500E683BA /* Pocket_ServerTests.swift in Sources */,
			);
			runOnlyForDeploymentPostprocessing = 0;
		};
		3FAC745428D734A500E683BA /* Sources */ = {
			isa = PBXSourcesBuildPhase;
			buildActionMask = 2147483647;
			files = (
				3FAC745D28D734A500E683BA /* Pocket_ServerUITests.swift in Sources */,
				3FAC745F28D734A500E683BA /* Pocket_ServerUITestsLaunchTests.swift in Sources */,
			);
			runOnlyForDeploymentPostprocessing = 0;
		};
/* End PBXSourcesBuildPhase section */

/* Begin PBXTargetDependency section */
		3FAC745028D734A500E683BA /* PBXTargetDependency */ = {
			isa = PBXTargetDependency;
			target = 3FAC743D28D734A400E683BA /* Pocket Server */;
			targetProxy = 3FAC744F28D734A500E683BA /* PBXContainerItemProxy */;
		};
		3FAC745A28D734A500E683BA /* PBXTargetDependency */ = {
			isa = PBXTargetDependency;
			target = 3FAC743D28D734A400E683BA /* Pocket Server */;
			targetProxy = 3FAC745928D734A500E683BA /* PBXContainerItemProxy */;
		};
/* End PBXTargetDependency section */

/* Begin XCBuildConfiguration section */
		3FAC746028D734A500E683BA /* Debug */ = {
			isa = XCBuildConfiguration;
			buildSettings = {
				ALWAYS_SEARCH_USER_PATHS = NO;
				CLANG_ANALYZER_NONNULL = YES;
				CLANG_ANALYZER_NUMBER_OBJECT_CONVERSION = YES_AGGRESSIVE;
				CLANG_CXX_LANGUAGE_STANDARD = "gnu++20";
				CLANG_ENABLE_MODULES = YES;
				CLANG_ENABLE_OBJC_ARC = YES;
				CLANG_ENABLE_OBJC_WEAK = YES;
				CLANG_WARN_BLOCK_CAPTURE_AUTORELEASING = YES;
				CLANG_WARN_BOOL_CONVERSION = YES;
				CLANG_WARN_COMMA = YES;
				CLANG_WARN_CONSTANT_CONVERSION = YES;
				CLANG_WARN_DEPRECATED_OBJC_IMPLEMENTATIONS = YES;
				CLANG_WARN_DIRECT_OBJC_ISA_USAGE = YES_ERROR;
				CLANG_WARN_DOCUMENTATION_COMMENTS = YES;
				CLANG_WARN_EMPTY_BODY = YES;
				CLANG_WARN_ENUM_CONVERSION = YES;
				CLANG_WARN_INFINITE_RECURSION = YES;
				CLANG_WARN_INT_CONVERSION = YES;
				CLANG_WARN_NON_LITERAL_NULL_CONVERSION = YES;
				CLANG_WARN_OBJC_IMPLICIT_RETAIN_SELF = YES;
				CLANG_WARN_OBJC_LITERAL_CONVERSION = YES;
				CLANG_WARN_OBJC_ROOT_CLASS = YES_ERROR;
				CLANG_WARN_QUOTED_INCLUDE_IN_FRAMEWORK_HEADER = YES;
				CLANG_WARN_RANGE_LOOP_ANALYSIS = YES;
				CLANG_WARN_STRICT_PROTOTYPES = YES;
				CLANG_WARN_SUSPICIOUS_MOVE = YES;
				CLANG_WARN_UNGUARDED_AVAILABILITY = YES_AGGRESSIVE;
				CLANG_WARN_UNREACHABLE_CODE = YES;
				CLANG_WARN__DUPLICATE_METHOD_MATCH = YES;
				COPY_PHASE_STRIP = NO;
				DEBUG_INFORMATION_FORMAT = dwarf;
				ENABLE_STRICT_OBJC_MSGSEND = YES;
				ENABLE_TESTABILITY = YES;
				GCC_C_LANGUAGE_STANDARD = gnu11;
				GCC_DYNAMIC_NO_PIC = NO;
				GCC_NO_COMMON_BLOCKS = YES;
				GCC_OPTIMIZATION_LEVEL = 0;
				GCC_PREPROCESSOR_DEFINITIONS = (
					"DEBUG=1",
					"$(inherited)",
				);
				GCC_WARN_64_TO_32_BIT_CONVERSION = YES;
				GCC_WARN_ABOUT_RETURN_TYPE = YES_ERROR;
				GCC_WARN_UNDECLARED_SELECTOR = YES;
				GCC_WARN_UNINITIALIZED_AUTOS = YES_AGGRESSIVE;
				GCC_WARN_UNUSED_FUNCTION = YES;
				GCC_WARN_UNUSED_VARIABLE = YES;
				IPHONEOS_DEPLOYMENT_TARGET = 16.0;
				MTL_ENABLE_DEBUG_INFO = INCLUDE_SOURCE;
				MTL_FAST_MATH = YES;
				ONLY_ACTIVE_ARCH = YES;
				SDKROOT = iphoneos;
				SWIFT_ACTIVE_COMPILATION_CONDITIONS = DEBUG;
				SWIFT_OPTIMIZATION_LEVEL = "-Onone";
			};
			name = Debug;
		};
		3FAC746128D734A500E683BA /* Release */ = {
			isa = XCBuildConfiguration;
			buildSettings = {
				ALWAYS_SEARCH_USER_PATHS = NO;
				CLANG_ANALYZER_NONNULL = YES;
				CLANG_ANALYZER_NUMBER_OBJECT_CONVERSION = YES_AGGRESSIVE;
				CLANG_CXX_LANGUAGE_STANDARD = "gnu++20";
				CLANG_ENABLE_MODULES = YES;
				CLANG_ENABLE_OBJC_ARC = YES;
				CLANG_ENABLE_OBJC_WEAK = YES;
				CLANG_WARN_BLOCK_CAPTURE_AUTORELEASING = YES;
				CLANG_WARN_BOOL_CONVERSION = YES;
				CLANG_WARN_COMMA = YES;
				CLANG_WARN_CONSTANT_CONVERSION = YES;
				CLANG_WARN_DEPRECATED_OBJC_IMPLEMENTATIONS = YES;
				CLANG_WARN_DIRECT_OBJC_ISA_USAGE = YES_ERROR;
				CLANG_WARN_DOCUMENTATION_COMMENTS = YES;
				CLANG_WARN_EMPTY_BODY = YES;
				CLANG_WARN_ENUM_CONVERSION = YES;
				CLANG_WARN_INFINITE_RECURSION = YES;
				CLANG_WARN_INT_CONVERSION = YES;
				CLANG_WARN_NON_LITERAL_NULL_CONVERSION = YES;
				CLANG_WARN_OBJC_IMPLICIT_RETAIN_SELF = YES;
				CLANG_WARN_OBJC_LITERAL_CONVERSION = YES;
				CLANG_WARN_OBJC_ROOT_CLASS = YES_ERROR;
				CLANG_WARN_QUOTED_INCLUDE_IN_FRAMEWORK_HEADER = YES;
				CLANG_WARN_RANGE_LOOP_ANALYSIS = YES;
				CLANG_WARN_STRICT_PROTOTYPES = YES;
				CLANG_WARN_SUSPICIOUS_MOVE = YES;
				CLANG_WARN_UNGUARDED_AVAILABILITY = YES_AGGRESSIVE;
				CLANG_WARN_UNREACHABLE_CODE = YES;
				CLANG_WARN__DUPLICATE_METHOD_MATCH = YES;
				COPY_PHASE_STRIP = NO;
				DEBUG_INFORMATION_FORMAT = "dwarf-with-dsym";
				ENABLE_NS_ASSERTIONS = NO;
				ENABLE_STRICT_OBJC_MSGSEND = YES;
				GCC_C_LANGUAGE_STANDARD = gnu11;
				GCC_NO_COMMON_BLOCKS = YES;
				GCC_WARN_64_TO_32_BIT_CONVERSION = YES;
				GCC_WARN_ABOUT_RETURN_TYPE = YES_ERROR;
				GCC_WARN_UNDECLARED_SELECTOR = YES;
				GCC_WARN_UNINITIALIZED_AUTOS = YES_AGGRESSIVE;
				GCC_WARN_UNUSED_FUNCTION = YES;
				GCC_WARN_UNUSED_VARIABLE = YES;
				IPHONEOS_DEPLOYMENT_TARGET = 16.0;
				MTL_ENABLE_DEBUG_INFO = NO;
				MTL_FAST_MATH = YES;
				SDKROOT = iphoneos;
				SWIFT_COMPILATION_MODE = wholemodule;
				SWIFT_OPTIMIZATION_LEVEL = "-O";
				VALIDATE_PRODUCT = YES;
			};
			name = Release;
		};
		3FAC746328D734A500E683BA /* Debug */ = {
			isa = XCBuildConfiguration;
			buildSettings = {
				ASSETCATALOG_COMPILER_APPICON_NAME = AppIcon;
				ASSETCATALOG_COMPILER_GLOBAL_ACCENT_COLOR_NAME = AccentColor;
				CODE_SIGN_STYLE = Automatic;
				CURRENT_PROJECT_VERSION = 1;
				DEVELOPMENT_ASSET_PATHS = "\"Pocket Server/Preview Content\"";
				DEVELOPMENT_TEAM = Q87UDX5898;
				ENABLE_PREVIEWS = YES;
				GENERATE_INFOPLIST_FILE = YES;
				INFOPLIST_KEY_UIApplicationSceneManifest_Generation = YES;
				INFOPLIST_KEY_UIApplicationSupportsIndirectInputEvents = YES;
				INFOPLIST_KEY_UILaunchScreen_Generation = YES;
				INFOPLIST_KEY_UISupportedInterfaceOrientations_iPad = "UIInterfaceOrientationPortrait UIInterfaceOrientationPortraitUpsideDown UIInterfaceOrientationLandscapeLeft UIInterfaceOrientationLandscapeRight";
				INFOPLIST_KEY_UISupportedInterfaceOrientations_iPhone = "UIInterfaceOrientationPortrait UIInterfaceOrientationLandscapeLeft UIInterfaceOrientationLandscapeRight";
				LD_RUNPATH_SEARCH_PATHS = (
					"$(inherited)",
					"@executable_path/Frameworks",
				);
				MARKETING_VERSION = 1.0;
				PRODUCT_BUNDLE_IDENTIFIER = "com.jules.Pocket-Server";
				PRODUCT_NAME = "$(TARGET_NAME)";
				SWIFT_EMIT_LOC_STRINGS = YES;
				SWIFT_VERSION = 5.0;
				TARGETED_DEVICE_FAMILY = "1,2";
			};
			name = Debug;
		};
		3FAC746428D734A500E683BA /* Release */ = {
			isa = XCBuildConfiguration;
			buildSettings = {
				ASSETCATALOG_COMPILER_APPICON_NAME = AppIcon;
				ASSETCATALOG_COMPILER_GLOBAL_ACCENT_COLOR_NAME = AccentColor;
				CODE_SIGN_STYLE = Automatic;
				CURRENT_PROJECT_VERSION = 1;
				DEVELOPMENT_ASSET_PATHS = "\"Pocket Server/Preview Content\"";
				DEVELOPMENT_TEAM = Q87UDX5898;
				ENABLE_PREVIEWS = YES;
				GENERATE_INFOPLIST_FILE = YES;
				INFOPLIST_KEY_UIApplicationSceneManifest_Generation = YES;
				INFOPLIST_KEY_UIApplicationSupportsIndirectInputEvents = YES;
				INFOPLIST_KEY_UILaunchScreen_Generation = YES;
				INFOPLIST_KEY_UISupportedInterfaceOrientations_iPad = "UIInterfaceOrientationPortrait UIInterfaceOrientationPortraitUpsideDown UIInterfaceOrientationLandscapeLeft UIInterfaceOrientationLandscapeRight";
				INFOPLIST_KEY_UISupportedInterfaceOrientations_iPhone = "UIInterfaceOrientationPortrait UIInterfaceOrientationLandscapeLeft UIInterfaceOrientationLandscapeRight";
				LD_RUNPATH_SEARCH_PATHS = (
					"$(inherited)",
					"@executable_path/Frameworks",
				);
				MARKETING_VERSION = 1.0;
				PRODUCT_BUNDLE_IDENTIFIER = "com.jules.Pocket-Server";
				PRODUCT_NAME = "$(TARGET_NAME)";
				SWIFT_EMIT_LOC_STRINGS = YES;
				SWIFT_VERSION = 5.0;
				TARGETED_DEVICE_FAMILY = "1,2";
			};
			name = Release;
		};
		3FAC746628D734A500E683BA /* Debug */ = {
			isa = XCBuildConfiguration;
			buildSettings = {
				ALWAYS_EMBED_SWIFT_STANDARD_LIBRARIES = YES;
				BUNDLE_LOADER = "$(TEST_HOST)";
				CODE_SIGN_STYLE = Automatic;
				CURRENT_PROJECT_VERSION = 1;
				DEVELOPMENT_TEAM = Q87UDX5898;
				GENERATE_INFOPLIST_FILE = YES;
				IPHONEOS_DEPLOYMENT_TARGET = 16.0;
				MARKETING_VERSION = 1.0;
				PRODUCT_BUNDLE_IDENTIFIER = "com.jules.Pocket-ServerTests";
				PRODUCT_NAME = "$(TARGET_NAME)";
				SWIFT_EMIT_LOC_STRINGS = NO;
				SWIFT_VERSION = 5.0;
				TARGETED_DEVICE_FAMILY = "1,2";
				TEST_HOST = "$(BUILT_PRODUCTS_DIR)/Pocket Server.app/$(BUNDLE_EXECUTABLE_FOLDER_PATH)/Pocket Server";
			};
			name = Debug;
		};
		3FAC746728D734A500E683BA /* Release */ = {
			isa = XCBuildConfiguration;
			buildSettings = {
				ALWAYS_EMBED_SWIFT_STANDARD_LIBRARIES = YES;
				BUNDLE_LOADER = "$(TEST_HOST)";
				CODE_SIGN_STYLE = Automatic;
				CURRENT_PROJECT_VERSION = 1;
				DEVELOPMENT_TEAM = Q87UDX5898;
				GENERATE_INFOPLIST_FILE = YES;
				IPHONEOS_DEPLOYMENT_TARGET = 16.0;
				MARKETING_VERSION = 1.0;
				PRODUCT_BUNDLE_IDENTIFIER = "com.jules.Pocket-ServerTests";
				PRODUCT_NAME = "$(TARGET_NAME)";
				SWIFT_EMIT_LOC_STRINGS = NO;
				SWIFT_VERSION = 5.0;
				TARGETED_DEVICE_FAMILY = "1,2";
				TEST_HOST = "$(BUILT_PRODUCTS_DIR)/Pocket Server.app/$(BUNDLE_EXECUTABLE_FOLDER_PATH)/Pocket Server";
			};
			name = Release;
		};
		3FAC746928D734A500E683BA /* Debug */ = {
			isa = XCBuildConfiguration;
			buildSettings = {
				ALWAYS_EMBED_SWIFT_STANDARD_LIBRARIES = YES;
				CODE_SIGN_STYLE = Automatic;
				CURRENT_PROJECT_VERSION = 1;
				DEVELOPMENT_TEAM = Q87UDX5898;
				GENERATE_INFOPLIST_FILE = YES;
				MARKETING_VERSION = 1.0;
				PRODUCT_BUNDLE_IDENTIFIER = "com.jules.Pocket-ServerUITests";
				PRODUCT_NAME = "$(TARGET_NAME)";
				SWIFT_EMIT_LOC_STRINGS = NO;
				SWIFT_VERSION = 5.0;
				TARGETED_DEVICE_FAMILY = "1,2";
				TEST_TARGET_NAME = "Pocket Server";
			};
			name = Debug;
		};
		3FAC746A28D734A500E683BA /* Release */ = {
			isa = XCBuildConfiguration;
			buildSettings = {
				ALWAYS_EMBED_SWIFT_STANDARD_LIBRARIES = YES;
				CODE_SIGN_STYLE = Automatic;
				CURRENT_PROJECT_VERSION = 1;
				DEVELOPMENT_TEAM = Q87UDX5898;
				GENERATE_INFOPLIST_FILE = YES;
				MARKETING_VERSION = 1.0;
				PRODUCT_BUNDLE_IDENTIFIER = "com.jules.Pocket-ServerUITests";
				PRODUCT_NAME = "$(TARGET_NAME)";
				SWIFT_EMIT_LOC_STRINGS = NO;
				SWIFT_VERSION = 5.0;
				TARGETED_DEVICE_FAMILY = "1,2";
				TEST_TARGET_NAME = "Pocket Server";
			};
			name = Release;
		};
/* End XCBuildConfiguration section */

/* Begin XCConfigurationList section */
		3FAC743928D734A400E683BA /* Build configuration list for PBXProject "Pocket Server" */ = {
			isa = XCConfigurationList;
			buildConfigurations = (
				3FAC746028D734A500E683BA /* Debug */,
				3FAC746128D734A500E683BA /* Release */,
			);
			defaultConfigurationIsVisible = 0;
			defaultConfigurationName = Release;
		};
		3FAC746228D734A500E683BA /* Build configuration list for PBXNativeTarget "Pocket Server" */ = {
			isa = XCConfigurationList;
			buildConfigurations = (
				3FAC746328D734A500E683BA /* Debug */,
				3FAC746428D734A500E683BA /* Release */,
			);
			defaultConfigurationIsVisible = 0;
			defaultConfigurationName = Release;
		};
		3FAC746528D734A500E683BA /* Build configuration list for PBXNativeTarget "Pocket ServerTests" */ = {
			isa = XCConfigurationList;
			buildConfigurations = (
				3FAC746628D734A500E683BA /* Debug */,
				3FAC746728D734A500E683BA /* Release */,
			);
			defaultConfigurationIsVisible = 0;
			defaultConfigurationName = Release;
		};
		3FAC746828D734A500E683BA /* Build configuration list for PBXNativeTarget "Pocket ServerUITests" */ = {
			isa = XCConfigurationList;
			buildConfigurations = (
				3FAC746928D734A500E683BA /* Debug */,
				3FAC746A28D734A500E683BA /* Release */,
			);
			defaultConfigurationIsVisible = 0;
			defaultConfigurationName = Release;
		};
/* End XCConfigurationList section */
	};
	rootObject = 3FAC743628D734A400E683BA /* Project object */;
}
